Microsoft Visual Studio Solution File, Format Version 12.00
# Visual Studio Version 17
VisualStudioVersion = 17.5.2.0
MinimumVisualStudioVersion = 10.0.40219.1
Project("{FAE04EC0-301F-11D3-BF4B-00C04F79EFBC}") = "DestariaCharselSystem", "DestariaCharselSystem.csproj", "{B1D67ADD-919A-6855-445B-E9F3BF679D5F}"
EndProject
Global
	GlobalSection(SolutionConfigurationPlatforms) = preSolution
		Debug|Any CPU = Debug|Any CPU
		Release|Any CPU = Release|Any CPU
	EndGlobalSection
	GlobalSection(ProjectConfigurationPlatforms) = postSolution
		{B1D67ADD-919A-6855-445B-E9F3BF679D5F}.Debug|Any CPU.ActiveCfg = Debug|Any CPU
		{B1D67ADD-919A-6855-445B-E9F3BF679D5F}.Debug|Any CPU.Build.0 = Debug|Any CPU
		{B1D67ADD-919A-6855-445B-E9F3BF679D5F}.Release|Any CPU.ActiveCfg = Release|Any CPU
		{B1D67ADD-919A-6855-445B-E9F3BF679D5F}.Release|Any CPU.Build.0 = Release|Any CPU
	EndGlobalSection
	GlobalSection(SolutionProperties) = preSolution
		HideSolutionNode = FALSE
	EndGlobalSection
	GlobalSection(ExtensibilityGlobals) = postSolution
		SolutionGuid = {ADABF388-632F-4B29-83B2-012EBF05BE79}
	EndGlobalSection
EndGlobal
